
Microsoft Visual Studio Solution File, Format Version 12.00
# Visual Studio Version 16
VisualStudioVersion = 16.0.29009.5
MinimumVisualStudioVersion = 10.0.40219.1
Project("{8BC9CEB8-8B4A-11D0-8D11-00A0C91BC942}") = "Elevator", "Elevator\Elevator.vcxproj", "{EE7386EE-8433-45F0-9325-2467CB5EED6D}"
EndProject
Global
	GlobalSection(SolutionConfigurationPlatforms) = preSolution
		Debug|x64 = Debug|x64
		Debug|x86 = Debug|x86
		Release|x64 = Release|x64
		Release|x86 = Release|x86
	EndGlobalSection
	GlobalSection(ProjectConfigurationPlatforms) = postSolution
		{EE7386EE-8433-45F0-9325-2467CB5EED6D}.Debug|x64.ActiveCfg = Debug|x64
		{EE7386EE-8433-45F0-9325-2467CB5EED6D}.Debug|x64.Build.0 = Debug|x64
		{EE7386EE-8433-45F0-9325-2467CB5EED6D}.Debug|x86.ActiveCfg = Debug|Win32
		{EE7386EE-8433-45F0-9325-2467CB5EED6D}.Debug|x86.Build.0 = Debug|Win32
		{EE7386EE-8433-45F0-9325-2467CB5EED6D}.Release|x64.ActiveCfg = Release|x64
		{EE7386EE-8433-45F0-9325-2467CB5EED6D}.Release|x64.Build.0 = Release|x64
		{EE7386EE-8433-45F0-9325-2467CB5EED6D}.Release|x86.ActiveCfg = Release|Win32
		{EE7386EE-8433-45F0-9325-2467CB5EED6D}.Release|x86.Build.0 = Release|Win32
	EndGlobalSection
	GlobalSection(SolutionProperties) = preSolution
		HideSolutionNode = FALSE
	EndGlobalSection
	GlobalSection(ExtensibilityGlobals) = postSolution
		SolutionGuid = {DB0E2F7F-77C8-4782-90CB-40744319DF43}
	EndGlobalSection
EndGlobal
